
Microsoft Visual Studio Solution File, Format Version 12.00
# Visual Studio 15
VisualStudioVersion = 15.0.28307.572
MinimumVisualStudioVersion = 10.0.40219.1
Project("{FAE04EC0-301F-11D3-BF4B-00C04F79EFBC}") = "LiveChartsWPF", "LiveChartsWPF\LiveChartsWPF.csproj", "{75148C04-8C43-4AD9-99FF-357E36120FF9}"
EndProject
Global
	GlobalSection(SolutionConfigurationPlatforms) = preSolution
		Debug|Any CPU = Debug|Any CPU
		Release|Any CPU = Release|Any CPU
	EndGlobalSection
	GlobalSection(ProjectConfigurationPlatforms) = postSolution
		{75148C04-8C43-4AD9-99FF-357E36120FF9}.Debug|Any CPU.ActiveCfg = Debug|Any CPU
		{75148C04-8C43-4AD9-99FF-357E36120FF9}.Debug|Any CPU.Build.0 = Debug|Any CPU
		{75148C04-8C43-4AD9-99FF-357E36120FF9}.Release|Any CPU.ActiveCfg = Release|Any CPU
		{75148C04-8C43-4AD9-99FF-357E36120FF9}.Release|Any CPU.Build.0 = Release|Any CPU
	EndGlobalSection
	GlobalSection(SolutionProperties) = preSolution
		HideSolutionNode = FALSE
	EndGlobalSection
	GlobalSection(ExtensibilityGlobals) = postSolution
		SolutionGuid = {E31655DA-22C2-4986-9860-297CCAB56C8E}
	EndGlobalSection
EndGlobal
